// !$*UTF8*$!
{
	archiveVersion = 1;
	classes = {
	};
	objectVersion = 51;
	objects = {

/* Begin PBXBuildFile section */
		0007F5EA2451812B00777116 /* HomeView.swift in Sources */ = {isa = PBXBuildFile; fileRef = 0007F5E92451812B00777116 /* HomeView.swift */; };
		0007F5EC2451850100777116 /* Testing.swift in Sources */ = {isa = PBXBuildFile; fileRef = 0007F5EB2451850100777116 /* Testing.swift */; };
		0017292B24D73D2200138F47 /* NotesView.swift in Sources */ = {isa = PBXBuildFile; fileRef = 0017292A24D73D2200138F47 /* NotesView.swift */; };
		002FA29824C6B66900B128A8 /* ReflectionView.swift in Sources */ = {isa = PBXBuildFile; fileRef = 002FA29724C6B66900B128A8 /* ReflectionView.swift */; };
		00300C6C258CAD5300EC0BDF /* GoogleService-Info.plist in Resources */ = {isa = PBXBuildFile; fileRef = 00300C6B258CAD5300EC0BDF /* GoogleService-Info.plist */; };
		008D67E0247A37A300C6A581 /* LogInTextBox.swift in Sources */ = {isa = PBXBuildFile; fileRef = 008D67DF247A37A300C6A581 /* LogInTextBox.swift */; };
		008D67E2247A465C00C6A581 /* LongLine.swift in Sources */ = {isa = PBXBuildFile; fileRef = 008D67E1247A465C00C6A581 /* LongLine.swift */; };
		008D67E4247A46EE00C6A581 /* ShortLine.swift in Sources */ = {isa = PBXBuildFile; fileRef = 008D67E3247A46EE00C6A581 /* ShortLine.swift */; };
		008E4D3724834C7800265DB1 /* TextBubble.swift in Sources */ = {isa = PBXBuildFile; fileRef = 008E4D3624834C7700265DB1 /* TextBubble.swift */; };
		00A5028224BAE31F0078E94A /* AboutView.swift in Sources */ = {isa = PBXBuildFile; fileRef = 00A5028124BAE31F0078E94A /* AboutView.swift */; };
		00B215C12492070100F31DF8 /* HomeScreenView.swift in Sources */ = {isa = PBXBuildFile; fileRef = 00B215C02492070100F31DF8 /* HomeScreenView.swift */; };
		00B23D2F257F63E10057CB21 /* BasicUI.swift in Sources */ = {isa = PBXBuildFile; fileRef = 00B23D2E257F63E10057CB21 /* BasicUI.swift */; };
		00D38B99245800D500FD1C29 /* LogInView.swift in Sources */ = {isa = PBXBuildFile; fileRef = 00D38B98245800D500FD1C29 /* LogInView.swift */; };
		00DE1DD1258DF114002556F2 /* StoreSession.swift in Sources */ = {isa = PBXBuildFile; fileRef = 00DE1DD0258DF114002556F2 /* StoreSession.swift */; };
		00F3D7F3249C938F00057101 /* Settings.swift in Sources */ = {isa = PBXBuildFile; fileRef = 00F3D7F2249C938F00057101 /* Settings.swift */; };
		00FDE17724517F9E00F95A4D /* AppDelegate.swift in Sources */ = {isa = PBXBuildFile; fileRef = 00FDE17624517F9E00F95A4D /* AppDelegate.swift */; };
		00FDE17924517F9E00F95A4D /* SceneDelegate.swift in Sources */ = {isa = PBXBuildFile; fileRef = 00FDE17824517F9E00F95A4D /* SceneDelegate.swift */; };
		00FDE17C24517F9E00F95A4D /* findingjanus.xcdatamodeld in Sources */ = {isa = PBXBuildFile; fileRef = 00FDE17A24517F9E00F95A4D /* findingjanus.xcdatamodeld */; };
		00FDE17E24517F9E00F95A4D /* ContentView.swift in Sources */ = {isa = PBXBuildFile; fileRef = 00FDE17D24517F9E00F95A4D /* ContentView.swift */; };
		00FDE18024517FA000F95A4D /* Assets.xcassets in Resources */ = {isa = PBXBuildFile; fileRef = 00FDE17F24517FA000F95A4D /* Assets.xcassets */; };
		00FDE18324517FA000F95A4D /* Preview Assets.xcassets in Resources */ = {isa = PBXBuildFile; fileRef = 00FDE18224517FA000F95A4D /* Preview Assets.xcassets */; };
		00FDE18624517FA000F95A4D /* LaunchScreen.storyboard in Resources */ = {isa = PBXBuildFile; fileRef = 00FDE18424517FA000F95A4D /* LaunchScreen.storyboard */; };
		B5377A0A1AC17DA848F27FB2 /* Pods_findingjanus.framework in Frameworks */ = {isa = PBXBuildFile; fileRef = F09AEEC0F7FC4BE521D4EE6D /* Pods_findingjanus.framework */; };
/* End PBXBuildFile section */

/* Begin PBXFileReference section */
		0007F5E92451812B00777116 /* HomeView.swift */ = {isa = PBXFileReference; lastKnownFileType = sourcecode.swift; path = HomeView.swift; sourceTree = "<group>"; };
		0007F5EB2451850100777116 /* Testing.swift */ = {isa = PBXFileReference; lastKnownFileType = sourcecode.swift; path = Testing.swift; sourceTree = "<group>"; };
		0017292A24D73D2200138F47 /* NotesView.swift */ = {isa = PBXFileReference; lastKnownFileType = sourcecode.swift; path = NotesView.swift; sourceTree = "<group>"; };
		002FA29724C6B66900B128A8 /* ReflectionView.swift */ = {isa = PBXFileReference; lastKnownFileType = sourcecode.swift; path = ReflectionView.swift; sourceTree = "<group>"; };
		00300C6B258CAD5300EC0BDF /* GoogleService-Info.plist */ = {isa = PBXFileReference; fileEncoding = 4; lastKnownFileType = text.plist.xml; path = "GoogleService-Info.plist"; sourceTree = "<group>"; };
		008D67DF247A37A300C6A581 /* LogInTextBox.swift */ = {isa = PBXFileReference; lastKnownFileType = sourcecode.swift; path = LogInTextBox.swift; sourceTree = "<group>"; };
		008D67E1247A465C00C6A581 /* LongLine.swift */ = {isa = PBXFileReference; lastKnownFileType = sourcecode.swift; path = LongLine.swift; sourceTree = "<group>"; };
		008D67E3247A46EE00C6A581 /* ShortLine.swift */ = {isa = PBXFileReference; lastKnownFileType = sourcecode.swift; path = ShortLine.swift; sourceTree = "<group>"; };
		008E4D3624834C7700265DB1 /* TextBubble.swift */ = {isa = PBXFileReference; lastKnownFileType = sourcecode.swift; path = TextBubble.swift; sourceTree = "<group>"; };
		00A5028124BAE31F0078E94A /* AboutView.swift */ = {isa = PBXFileReference; lastKnownFileType = sourcecode.swift; path = AboutView.swift; sourceTree = "<group>"; };
		00B215C02492070100F31DF8 /* HomeScreenView.swift */ = {isa = PBXFileReference; lastKnownFileType = sourcecode.swift; path = HomeScreenView.swift; sourceTree = "<group>"; };
		00B23D2E257F63E10057CB21 /* BasicUI.swift */ = {isa = PBXFileReference; lastKnownFileType = sourcecode.swift; path = BasicUI.swift; sourceTree = "<group>"; };
		00D38B98245800D500FD1C29 /* LogInView.swift */ = {isa = PBXFileReference; lastKnownFileType = sourcecode.swift; path = LogInView.swift; sourceTree = "<group>"; };
		00DE1DD0258DF114002556F2 /* StoreSession.swift */ = {isa = PBXFileReference; lastKnownFileType = sourcecode.swift; path = StoreSession.swift; sourceTree = "<group>"; };
		00F3D7F2249C938F00057101 /* Settings.swift */ = {isa = PBXFileReference; lastKnownFileType = sourcecode.swift; path = Settings.swift; sourceTree = "<group>"; };
		00FDE17324517F9E00F95A4D /* findingjanus.app */ = {isa = PBXFileReference; explicitFileType = wrapper.application; includeInIndex = 0; path = findingjanus.app; sourceTree = BUILT_PRODUCTS_DIR; };
		00FDE17624517F9E00F95A4D /* AppDelegate.swift */ = {isa = PBXFileReference; lastKnownFileType = sourcecode.swift; path = AppDelegate.swift; sourceTree = "<group>"; };
		00FDE17824517F9E00F95A4D /* SceneDelegate.swift */ = {isa = PBXFileReference; lastKnownFileType = sourcecode.swift; path = SceneDelegate.swift; sourceTree = "<group>"; };
		00FDE17B24517F9E00F95A4D /* findingjanus.xcdatamodel */ = {isa = PBXFileReference; lastKnownFileType = wrapper.xcdatamodel; path = findingjanus.xcdatamodel; sourceTree = "<group>"; };
		00FDE17D24517F9E00F95A4D /* ContentView.swift */ = {isa = PBXFileReference; lastKnownFileType = sourcecode.swift; path = ContentView.swift; sourceTree = "<group>"; };
		00FDE17F24517FA000F95A4D /* Assets.xcassets */ = {isa = PBXFileReference; lastKnownFileType = folder.assetcatalog; path = Assets.xcassets; sourceTree = "<group>"; };
		00FDE18224517FA000F95A4D /* Preview Assets.xcassets */ = {isa = PBXFileReference; lastKnownFileType = folder.assetcatalog; path = "Preview Assets.xcassets"; sourceTree = "<group>"; };
		00FDE18524517FA000F95A4D /* Base */ = {isa = PBXFileReference; lastKnownFileType = file.storyboard; name = Base; path = Base.lproj/LaunchScreen.storyboard; sourceTree = "<group>"; };
		00FDE18724517FA000F95A4D /* Info.plist */ = {isa = PBXFileReference; lastKnownFileType = text.plist.xml; path = Info.plist; sourceTree = "<group>"; };
		DF2FE3197FC27DA95B66D1A3 /* Pods-findingjanus.debug.xcconfig */ = {isa = PBXFileReference; includeInIndex = 1; lastKnownFileType = text.xcconfig; name = "Pods-findingjanus.debug.xcconfig"; path = "Target Support Files/Pods-findingjanus/Pods-findingjanus.debug.xcconfig"; sourceTree = "<group>"; };
		EA3BA20951CC954E1689C107 /* Pods-findingjanus.release.xcconfig */ = {isa = PBXFileReference; includeInIndex = 1; lastKnownFileType = text.xcconfig; name = "Pods-findingjanus.release.xcconfig"; path = "Target Support Files/Pods-findingjanus/Pods-findingjanus.release.xcconfig"; sourceTree = "<group>"; };
		F09AEEC0F7FC4BE521D4EE6D /* Pods_findingjanus.framework */ = {isa = PBXFileReference; explicitFileType = wrapper.framework; includeInIndex = 0; path = Pods_findingjanus.framework; sourceTree = BUILT_PRODUCTS_DIR; };
/* End PBXFileReference section */

/* Begin PBXFrameworksBuildPhase section */
		00FDE17024517F9E00F95A4D /* Frameworks */ = {
			isa = PBXFrameworksBuildPhase;
			buildActionMask = 2147483647;
			files = (
				B5377A0A1AC17DA848F27FB2 /* Pods_findingjanus.framework in Frameworks */,
			);
			runOnlyForDeploymentPostprocessing = 0;
		};
/* End PBXFrameworksBuildPhase section */

/* Begin PBXGroup section */
		00FDE16A24517F9E00F95A4D = {
			isa = PBXGroup;
			children = (
				00FDE17524517F9E00F95A4D /* findingjanus */,
				00FDE17424517F9E00F95A4D /* Products */,
				A95DE0DC9DF57B44273C8CD4 /* Pods */,
				59A366F1C965D8007F7BA1B9 /* Frameworks */,
			);
			sourceTree = "<group>";
		};
		00FDE17424517F9E00F95A4D /* Products */ = {
			isa = PBXGroup;
			children = (
				00FDE17324517F9E00F95A4D /* findingjanus.app */,
			);
			name = Products;
			sourceTree = "<group>";
		};
		00FDE17524517F9E00F95A4D /* findingjanus */ = {
			isa = PBXGroup;
			children = (
				00FDE17624517F9E00F95A4D /* AppDelegate.swift */,
				00FDE17824517F9E00F95A4D /* SceneDelegate.swift */,
				00B23D2E257F63E10057CB21 /* BasicUI.swift */,
				00FDE17D24517F9E00F95A4D /* ContentView.swift */,
				0007F5E92451812B00777116 /* HomeView.swift */,
				00D38B98245800D500FD1C29 /* LogInView.swift */,
				00DE1DD0258DF114002556F2 /* StoreSession.swift */,
				00F3D7F2249C938F00057101 /* Settings.swift */,
				00A5028124BAE31F0078E94A /* AboutView.swift */,
				00B215C02492070100F31DF8 /* HomeScreenView.swift */,
				002FA29724C6B66900B128A8 /* ReflectionView.swift */,
				0017292A24D73D2200138F47 /* NotesView.swift */,
				0007F5EB2451850100777116 /* Testing.swift */,
				008D67DF247A37A300C6A581 /* LogInTextBox.swift */,
				008E4D3624834C7700265DB1 /* TextBubble.swift */,
				008D67E1247A465C00C6A581 /* LongLine.swift */,
				008D67E3247A46EE00C6A581 /* ShortLine.swift */,
				00300C6B258CAD5300EC0BDF /* GoogleService-Info.plist */,
				00FDE17F24517FA000F95A4D /* Assets.xcassets */,
				00FDE18424517FA000F95A4D /* LaunchScreen.storyboard */,
				00FDE18724517FA000F95A4D /* Info.plist */,
				00FDE17A24517F9E00F95A4D /* findingjanus.xcdatamodeld */,
				00FDE18124517FA000F95A4D /* Preview Content */,
			);
			path = findingjanus;
			sourceTree = "<group>";
		};
		00FDE18124517FA000F95A4D /* Preview Content */ = {
			isa = PBXGroup;
			children = (
				00FDE18224517FA000F95A4D /* Preview Assets.xcassets */,
			);
			path = "Preview Content";
			sourceTree = "<group>";
		};
		59A366F1C965D8007F7BA1B9 /* Frameworks */ = {
			isa = PBXGroup;
			children = (
				F09AEEC0F7FC4BE521D4EE6D /* Pods_findingjanus.framework */,
			);
			name = Frameworks;
			sourceTree = "<group>";
		};
		A95DE0DC9DF57B44273C8CD4 /* Pods */ = {
			isa = PBXGroup;
			children = (
				DF2FE3197FC27DA95B66D1A3 /* Pods-findingjanus.debug.xcconfig */,
				EA3BA20951CC954E1689C107 /* Pods-findingjanus.release.xcconfig */,
			);
			path = Pods;
			sourceTree = "<group>";
		};
/* End PBXGroup section */

/* Begin PBXNativeTarget section */
		00FDE17224517F9E00F95A4D /* findingjanus */ = {
			isa = PBXNativeTarget;
			buildConfigurationList = 00FDE18A24517FA000F95A4D /* Build configuration list for PBXNativeTarget "findingjanus" */;
			buildPhases = (
				6259710B6370818C7D84C816 /* [CP] Check Pods Manifest.lock */,
				00FDE16F24517F9E00F95A4D /* Sources */,
				00FDE17024517F9E00F95A4D /* Frameworks */,
				00FDE17124517F9E00F95A4D /* Resources */,
				77482C733203BD9198C0A13B /* [CP] Embed Pods Frameworks */,
			);
			buildRules = (
			);
			dependencies = (
			);
			name = findingjanus;
			productName = findingjanus;
			productReference = 00FDE17324517F9E00F95A4D /* findingjanus.app */;
			productType = "com.apple.product-type.application";
		};
/* End PBXNativeTarget section */

/* Begin PBXProject section */
		00FDE16B24517F9E00F95A4D /* Project object */ = {
			isa = PBXProject;
			attributes = {
				LastSwiftUpdateCheck = 1140;
				LastUpgradeCheck = 1210;
				ORGANIZATIONNAME = "Finding Janus";
				TargetAttributes = {
					00FDE17224517F9E00F95A4D = {
						CreatedOnToolsVersion = 11.4;
					};
				};
			};
			buildConfigurationList = 00FDE16E24517F9E00F95A4D /* Build configuration list for PBXProject "findingjanus" */;
			compatibilityVersion = "Xcode 9.3";
			developmentRegion = en;
			hasScannedForEncodings = 0;
			knownRegions = (
				en,
				Base,
			);
			mainGroup = 00FDE16A24517F9E00F95A4D;
			productRefGroup = 00FDE17424517F9E00F95A4D /* Products */;
			projectDirPath = "";
			projectRoot = "";
			targets = (
				00FDE17224517F9E00F95A4D /* findingjanus */,
			);
		};
/* End PBXProject section */

/* Begin PBXResourcesBuildPhase section */
		00FDE17124517F9E00F95A4D /* Resources */ = {
			isa = PBXResourcesBuildPhase;
			buildActionMask = 2147483647;
			files = (
				00FDE18624517FA000F95A4D /* LaunchScreen.storyboard in Resources */,
				00300C6C258CAD5300EC0BDF /* GoogleService-Info.plist in Resources */,
				00FDE18324517FA000F95A4D /* Preview Assets.xcassets in Resources */,
				00FDE18024517FA000F95A4D /* Assets.xcassets in Resources */,
			);
			runOnlyForDeploymentPostprocessing = 0;
		};
/* End PBXResourcesBuildPhase section */

/* Begin PBXShellScriptBuildPhase section */
		6259710B6370818C7D84C816 /* [CP] Check Pods Manifest.lock */ = {
			isa = PBXShellScriptBuildPhase;
			buildActionMask = 2147483647;
			files = (
			);
			inputFileListPaths = (
			);
			inputPaths = (
				"${PODS_PODFILE_DIR_PATH}/Podfile.lock",
				"${PODS_ROOT}/Manifest.lock",
			);
			name = "[CP] Check Pods Manifest.lock";
			outputFileListPaths = (
			);
			outputPaths = (
				"$(DERIVED_FILE_DIR)/Pods-findingjanus-checkManifestLockResult.txt",
			);
			runOnlyForDeploymentPostprocessing = 0;
			shellPath = /bin/sh;
			shellScript = "diff \"${PODS_PODFILE_DIR_PATH}/Podfile.lock\" \"${PODS_ROOT}/Manifest.lock\" > /dev/null\nif [ $? != 0 ] ; then\n    # print error to STDERR\n    echo \"error: The sandbox is not in sync with the Podfile.lock. Run 'pod install' or update your CocoaPods installation.\" >&2\n    exit 1\nfi\n# This output is used by Xcode 'outputs' to avoid re-running this script phase.\necho \"SUCCESS\" > \"${SCRIPT_OUTPUT_FILE_0}\"\n";
			showEnvVarsInLog = 0;
		};
		77482C733203BD9198C0A13B /* [CP] Embed Pods Frameworks */ = {
			isa = PBXShellScriptBuildPhase;
			buildActionMask = 2147483647;
			files = (
			);
			inputFileListPaths = (
				"${PODS_ROOT}/Target Support Files/Pods-findingjanus/Pods-findingjanus-frameworks-${CONFIGURATION}-input-files.xcfilelist",
			);
			name = "[CP] Embed Pods Frameworks";
			outputFileListPaths = (
				"${PODS_ROOT}/Target Support Files/Pods-findingjanus/Pods-findingjanus-frameworks-${CONFIGURATION}-output-files.xcfilelist",
			);
			runOnlyForDeploymentPostprocessing = 0;
			shellPath = /bin/sh;
			shellScript = "\"${PODS_ROOT}/Target Support Files/Pods-findingjanus/Pods-findingjanus-frameworks.sh\"\n";
			showEnvVarsInLog = 0;
		};
/* End PBXShellScriptBuildPhase section */

/* Begin PBXSourcesBuildPhase section */
		00FDE16F24517F9E00F95A4D /* Sources */ = {
			isa = PBXSourcesBuildPhase;
			buildActionMask = 2147483647;
			files = (
				0007F5EC2451850100777116 /* Testing.swift in Sources */,
				002FA29824C6B66900B128A8 /* ReflectionView.swift in Sources */,
				00DE1DD1258DF114002556F2 /* StoreSession.swift in Sources */,
				00D38B99245800D500FD1C29 /* LogInView.swift in Sources */,
				00F3D7F3249C938F00057101 /* Settings.swift in Sources */,
				008D67E4247A46EE00C6A581 /* ShortLine.swift in Sources */,
				00B215C12492070100F31DF8 /* HomeScreenView.swift in Sources */,
				00FDE17724517F9E00F95A4D /* AppDelegate.swift in Sources */,
				00FDE17C24517F9E00F95A4D /* findingjanus.xcdatamodeld in Sources */,
				008D67E2247A465C00C6A581 /* LongLine.swift in Sources */,
				00B23D2F257F63E10057CB21 /* BasicUI.swift in Sources */,
				00A5028224BAE31F0078E94A /* AboutView.swift in Sources */,
				008D67E0247A37A300C6A581 /* LogInTextBox.swift in Sources */,
				00FDE17E24517F9E00F95A4D /* ContentView.swift in Sources */,
				008E4D3724834C7800265DB1 /* TextBubble.swift in Sources */,
				0007F5EA2451812B00777116 /* HomeView.swift in Sources */,
				0017292B24D73D2200138F47 /* NotesView.swift in Sources */,
				00FDE17924517F9E00F95A4D /* SceneDelegate.swift in Sources */,
			);
			runOnlyForDeploymentPostprocessing = 0;
		};
/* End PBXSourcesBuildPhase section */

/* Begin PBXVariantGroup section */
		00FDE18424517FA000F95A4D /* LaunchScreen.storyboard */ = {
			isa = PBXVariantGroup;
			children = (
				00FDE18524517FA000F95A4D /* Base */,
			);
			name = LaunchScreen.storyboard;
			sourceTree = "<group>";
		};
/* End PBXVariantGroup section */

/* Begin XCBuildConfiguration section */
		00FDE18824517FA000F95A4D /* Debug */ = {
			isa = XCBuildConfiguration;
			buildSettings = {
				ALWAYS_SEARCH_USER_PATHS = NO;
				CLANG_ANALYZER_NONNULL = YES;
				CLANG_ANALYZER_NUMBER_OBJECT_CONVERSION = YES_AGGRESSIVE;
				CLANG_CXX_LANGUAGE_STANDARD = "gnu++14";
				CLANG_CXX_LIBRARY = "libc++";
				CLANG_ENABLE_MODULES = YES;
				CLANG_ENABLE_OBJC_ARC = YES;
				CLANG_ENABLE_OBJC_WEAK = YES;
				CLANG_WARN_BLOCK_CAPTURE_AUTORELEASING = YES;
				CLANG_WARN_BOOL_CONVERSION = YES;
				CLANG_WARN_COMMA = YES;
				CLANG_WARN_CONSTANT_CONVERSION = YES;
				CLANG_WARN_DEPRECATED_OBJC_IMPLEMENTATIONS = YES;
				CLANG_WARN_DIRECT_OBJC_ISA_USAGE = YES_ERROR;
				CLANG_WARN_DOCUMENTATION_COMMENTS = YES;
				CLANG_WARN_EMPTY_BODY = YES;
				CLANG_WARN_ENUM_CONVERSION = YES;
				CLANG_WARN_INFINITE_RECURSION = YES;
				CLANG_WARN_INT_CONVERSION = YES;
				CLANG_WARN_NON_LITERAL_NULL_CONVERSION = YES;
				CLANG_WARN_OBJC_IMPLICIT_RETAIN_SELF = YES;
				CLANG_WARN_OBJC_LITERAL_CONVERSION = YES;
				CLANG_WARN_OBJC_ROOT_CLASS = YES_ERROR;
				CLANG_WARN_QUOTED_INCLUDE_IN_FRAMEWORK_HEADER = YES;
				CLANG_WARN_RANGE_LOOP_ANALYSIS = YES;
				CLANG_WARN_STRICT_PROTOTYPES = YES;
				CLANG_WARN_SUSPICIOUS_MOVE = YES;
				CLANG_WARN_UNGUARDED_AVAILABILITY = YES_AGGRESSIVE;
				CLANG_WARN_UNREACHABLE_CODE = YES;
				CLANG_WARN__DUPLICATE_METHOD_MATCH = YES;
				COPY_PHASE_STRIP = NO;
				DEBUG_INFORMATION_FORMAT = dwarf;
				ENABLE_STRICT_OBJC_MSGSEND = YES;
				ENABLE_TESTABILITY = YES;
				GCC_C_LANGUAGE_STANDARD = gnu11;
				GCC_DYNAMIC_NO_PIC = NO;
				GCC_NO_COMMON_BLOCKS = YES;
				GCC_OPTIMIZATION_LEVEL = 0;
				GCC_PREPROCESSOR_DEFINITIONS = (
					"DEBUG=1",
					"$(inherited)",
				);
				GCC_WARN_64_TO_32_BIT_CONVERSION = YES;
				GCC_WARN_ABOUT_RETURN_TYPE = YES_ERROR;
				GCC_WARN_UNDECLARED_SELECTOR = YES;
				GCC_WARN_UNINITIALIZED_AUTOS = YES_AGGRESSIVE;
				GCC_WARN_UNUSED_FUNCTION = YES;
				GCC_WARN_UNUSED_VARIABLE = YES;
				IPHONEOS_DEPLOYMENT_TARGET = 13.4;
				MTL_ENABLE_DEBUG_INFO = INCLUDE_SOURCE;
				MTL_FAST_MATH = YES;
				ONLY_ACTIVE_ARCH = YES;
				SDKROOT = iphoneos;
				SWIFT_ACTIVE_COMPILATION_CONDITIONS = DEBUG;
				SWIFT_OPTIMIZATION_LEVEL = "-Onone";
			};
			name = Debug;
		};
		00FDE18924517FA000F95A4D /* Release */ = {
			isa = XCBuildConfiguration;
			buildSettings = {
				ALWAYS_SEARCH_USER_PATHS = NO;
				CLANG_ANALYZER_NONNULL = YES;
				CLANG_ANALYZER_NUMBER_OBJECT_CONVERSION = YES_AGGRESSIVE;
				CLANG_CXX_LANGUAGE_STANDARD = "gnu++14";
				CLANG_CXX_LIBRARY = "libc++";
				CLANG_ENABLE_MODULES = YES;
				CLANG_ENABLE_OBJC_ARC = YES;
				CLANG_ENABLE_OBJC_WEAK = YES;
				CLANG_WARN_BLOCK_CAPTURE_AUTORELEASING = YES;
				CLANG_WARN_BOOL_CONVERSION = YES;
				CLANG_WARN_COMMA = YES;
				CLANG_WARN_CONSTANT_CONVERSION = YES;
				CLANG_WARN_DEPRECATED_OBJC_IMPLEMENTATIONS = YES;
				CLANG_WARN_DIRECT_OBJC_ISA_USAGE = YES_ERROR;
				CLANG_WARN_DOCUMENTATION_COMMENTS = YES;
				CLANG_WARN_EMPTY_BODY = YES;
				CLANG_WARN_ENUM_CONVERSION = YES;
				CLANG_WARN_INFINITE_RECURSION = YES;
				CLANG_WARN_INT_CONVERSION = YES;
				CLANG_WARN_NON_LITERAL_NULL_CONVERSION = YES;
				CLANG_WARN_OBJC_IMPLICIT_RETAIN_SELF = YES;
				CLANG_WARN_OBJC_LITERAL_CONVERSION = YES;
				CLANG_WARN_OBJC_ROOT_CLASS = YES_ERROR;
				CLANG_WARN_QUOTED_INCLUDE_IN_FRAMEWORK_HEADER = YES;
				CLANG_WARN_RANGE_LOOP_ANALYSIS = YES;
				CLANG_WARN_STRICT_PROTOTYPES = YES;
				CLANG_WARN_SUSPICIOUS_MOVE = YES;
				CLANG_WARN_UNGUARDED_AVAILABILITY = YES_AGGRESSIVE;
				CLANG_WARN_UNREACHABLE_CODE = YES;
				CLANG_WARN__DUPLICATE_METHOD_MATCH = YES;
				COPY_PHASE_STRIP = NO;
				DEBUG_INFORMATION_FORMAT = "dwarf-with-dsym";
				ENABLE_NS_ASSERTIONS = NO;
				ENABLE_STRICT_OBJC_MSGSEND = YES;
				GCC_C_LANGUAGE_STANDARD = gnu11;
				GCC_NO_COMMON_BLOCKS = YES;
				GCC_WARN_64_TO_32_BIT_CONVERSION = YES;
				GCC_WARN_ABOUT_RETURN_TYPE = YES_ERROR;
				GCC_WARN_UNDECLARED_SELECTOR = YES;
				GCC_WARN_UNINITIALIZED_AUTOS = YES_AGGRESSIVE;
				GCC_WARN_UNUSED_FUNCTION = YES;
				GCC_WARN_UNUSED_VARIABLE = YES;
				IPHONEOS_DEPLOYMENT_TARGET = 13.4;
				MTL_ENABLE_DEBUG_INFO = NO;
				MTL_FAST_MATH = YES;
				SDKROOT = iphoneos;
				SWIFT_COMPILATION_MODE = wholemodule;
				SWIFT_OPTIMIZATION_LEVEL = "-O";
				VALIDATE_PRODUCT = YES;
			};
			name = Release;
		};
		00FDE18B24517FA000F95A4D /* Debug */ = {
			isa = XCBuildConfiguration;
			baseConfigurationReference = DF2FE3197FC27DA95B66D1A3 /* Pods-findingjanus.debug.xcconfig */;
			buildSettings = {
				ASSETCATALOG_COMPILER_APPICON_NAME = AppIcon;
				CODE_SIGN_STYLE = Automatic;
				DEVELOPMENT_ASSET_PATHS = "\"findingjanus/Preview Content\"";
				ENABLE_PREVIEWS = YES;
				INFOPLIST_FILE = findingjanus/Info.plist;
				LD_RUNPATH_SEARCH_PATHS = (
					"$(inherited)",
					"@executable_path/Frameworks",
				);
				PRODUCT_BUNDLE_IDENTIFIER = com.findingjanus.findingjanus;
				PRODUCT_NAME = "$(TARGET_NAME)";
				SWIFT_VERSION = 5.0;
				TARGETED_DEVICE_FAMILY = "1,2";
			};
			name = Debug;
		};
		00FDE18C24517FA000F95A4D /* Release */ = {
			isa = XCBuildConfiguration;
			baseConfigurationReference = EA3BA20951CC954E1689C107 /* Pods-findingjanus.release.xcconfig */;
			buildSettings = {
				ASSETCATALOG_COMPILER_APPICON_NAME = AppIcon;
				CODE_SIGN_STYLE = Automatic;
				DEVELOPMENT_ASSET_PATHS = "\"findingjanus/Preview Content\"";
				ENABLE_PREVIEWS = YES;
				INFOPLIST_FILE = findingjanus/Info.plist;
				LD_RUNPATH_SEARCH_PATHS = (
					"$(inherited)",
					"@executable_path/Frameworks",
				);
				PRODUCT_BUNDLE_IDENTIFIER = com.findingjanus.findingjanus;
				PRODUCT_NAME = "$(TARGET_NAME)";
				SWIFT_VERSION = 5.0;
				TARGETED_DEVICE_FAMILY = "1,2";
			};
			name = Release;
		};
/* End XCBuildConfiguration section */

/* Begin XCConfigurationList section */
		00FDE16E24517F9E00F95A4D /* Build configuration list for PBXProject "findingjanus" */ = {
			isa = XCConfigurationList;
			buildConfigurations = (
				00FDE18824517FA000F95A4D /* Debug */,
				00FDE18924517FA000F95A4D /* Release */,
			);
			defaultConfigurationIsVisible = 0;
			defaultConfigurationName = Release;
		};
		00FDE18A24517FA000F95A4D /* Build configuration list for PBXNativeTarget "findingjanus" */ = {
			isa = XCConfigurationList;
			buildConfigurations = (
				00FDE18B24517FA000F95A4D /* Debug */,
				00FDE18C24517FA000F95A4D /* Release */,
			);
			defaultConfigurationIsVisible = 0;
			defaultConfigurationName = Release;
		};
/* End XCConfigurationList section */

/* Begin XCVersionGroup section */
		00FDE17A24517F9E00F95A4D /* findingjanus.xcdatamodeld */ = {
			isa = XCVersionGroup;
			children = (
				00FDE17B24517F9E00F95A4D /* findingjanus.xcdatamodel */,
			);
			currentVersion = 00FDE17B24517F9E00F95A4D /* findingjanus.xcdatamodel */;
			path = findingjanus.xcdatamodeld;
			sourceTree = "<group>";
			versionGroupType = wrapper.xcdatamodel;
		};
/* End XCVersionGroup section */
	};
	rootObject = 00FDE16B24517F9E00F95A4D /* Project object */;
}
